
Microsoft Visual Studio Solution File, Format Version 12.00
# Visual Studio Version 17
VisualStudioVersion = 17.5.33414.496
MinimumVisualStudioVersion = 10.0.40219.1
Project("{FAE04EC0-301F-11D3-BF4B-00C04F79EFBC}") = "ChatGptDemo", "ChatGptDemo\ChatGptDemo.csproj", "{17ADDBD5-7BD2-451F-9549-E694CFFBE315}"
EndProject
Global
	GlobalSection(SolutionConfigurationPlatforms) = preSolution
		Debug|Any CPU = Debug|Any CPU
		Release|Any CPU = Release|Any CPU
	EndGlobalSection
	GlobalSection(ProjectConfigurationPlatforms) = postSolution
		{17ADDBD5-7BD2-451F-9549-E694CFFBE315}.Debug|Any CPU.ActiveCfg = Debug|Any CPU
		{17ADDBD5-7BD2-451F-9549-E694CFFBE315}.Debug|Any CPU.Build.0 = Debug|Any CPU
		{17ADDBD5-7BD2-451F-9549-E694CFFBE315}.Release|Any CPU.ActiveCfg = Release|Any CPU
		{17ADDBD5-7BD2-451F-9549-E694CFFBE315}.Release|Any CPU.Build.0 = Release|Any CPU
	EndGlobalSection
	GlobalSection(SolutionProperties) = preSolution
		HideSolutionNode = FALSE
	EndGlobalSection
	GlobalSection(ExtensibilityGlobals) = postSolution
		SolutionGuid = {638954CD-CEC7-4ACA-950B-172D9B278B07}
	EndGlobalSection
EndGlobal
